# This file is generated by running "yarn install" inside your project.
# Manual changes might be lost - proceed with caution!

__metadata:
  version: 8
  cacheKey: 10c0

"@noble/curves@npm:1.7.0, @noble/curves@npm:~1.7.0":
  version: 1.7.0
  resolution: "@noble/curves@npm:1.7.0"
  dependencies:
    "@noble/hashes": "npm:1.6.0"
  checksum: 10c0/3317ec9b7699d2476707a89ceb3ddce60e69bac287561a31dd533669408633e093860fea5067eb9c54e5a7ced0705da1cba8859b6b1e0c48d3afff55fe2e77d0
  languageName: node
  linkType: hard

"@noble/hashes@npm:1.6.0":
  version: 1.6.0
  resolution: "@noble/hashes@npm:1.6.0"
  checksum: 10c0/e7e75898257fb36d933935fcdf1cc67ca7c083eb7b2411aa57fde7eb494c2cea0bec03686462032e25d5b0e1e4ab7357d1afb6718f6a68515db1f392141e9f14
  languageName: node
  linkType: hard

"@noble/hashes@npm:~1.6.0":
  version: 1.6.1
  resolution: "@noble/hashes@npm:1.6.1"
  checksum: 10c0/27643cd8b551bc933b57cc29aa8c8763d586552fc4c3e06ecf7897f55be3463c0c9dff7f6ebacd88e5ce6d0cdb5415ca4874d0cf4359b5ea4a85be21ada03aab
  languageName: node
  linkType: hard

"@scure/base@npm:1.2.1":
  version: 1.2.1
  resolution: "@scure/base@npm:1.2.1"
  checksum: 10c0/e61068854370855b89c50c28fa4092ea6780f1e0db64ea94075ab574ebcc964f719a3120dc708db324991f4b3e652d92ebda03fce2bf6a4900ceeacf9c0ff933
  languageName: node
  linkType: hard

"@scure/starknet@npm:1.1.0":
  version: 1.1.0
  resolution: "@scure/starknet@npm:1.1.0"
  dependencies:
    "@noble/curves": "npm:~1.7.0"
    "@noble/hashes": "npm:~1.6.0"
  checksum: 10c0/26f69331f2ba18911b8747e7421057b538769be14e3c2ea87ee985a9cf15ce11a2d8c377beaf23362f6cfe933df0e7bb52bfabd13a983aa287839933f9d6c390
  languageName: node
  linkType: hard

"@starknet-io/starknet-types-07@npm:@starknet-io/types-js@~0.7.10":
  version: 0.7.10
  resolution: "@starknet-io/types-js@npm:0.7.10"
  checksum: 10c0/ca114d740198be3738dddd2e452bd9e51fe68c482925d3f6455e3b2c73f330bd5440e7ab1b3a6899022c24362367413fe8b8b2ecfde9fe28eed2dcaccd3b1362
  languageName: node
  linkType: hard

"@starknet-io/starknet-types-08@npm:@starknet-io/types-js@~0.8.4":
  version: 0.8.4
  resolution: "@starknet-io/types-js@npm:0.8.4"
  checksum: 10c0/afdd9deec1a881de85aea576dfc6b8827557a3257330c31abed91b3f33b96806da1f7bfb53f14cbf8250e530e6f21e93a8d2a283b2d84685e712fcc92d822d5d
  languageName: node
  linkType: hard

"@types/node@npm:^24.0.7":
  version: 24.0.7
  resolution: "@types/node@npm:24.0.7"
  dependencies:
    undici-types: "npm:~7.8.0"
  checksum: 10c0/be3849816dafc54ec79e6be6dafcf60bdb6466beaf0081b941142d260e2b2864855210dfe5b4395c59b276468528695aefcf4f060ac95cc433b2968e80a311f9
  languageName: node
  linkType: hard

"abi-wan-kanabi@npm:2.2.4":
  version: 2.2.4
  resolution: "abi-wan-kanabi@npm:2.2.4"
  dependencies:
    ansicolors: "npm:^0.3.2"
    cardinal: "npm:^2.1.1"
    fs-extra: "npm:^10.0.0"
    yargs: "npm:^17.7.2"
  bin:
    generate: dist/generate.js
  checksum: 10c0/6ebafb49be96473225cec139dacaafe156c9556e66b9ff753491fa74eea07168324fba4c6a92179851a17c444f8c75d049946235100376484cb13285e30f79aa
  languageName: node
  linkType: hard

"ansi-regex@npm:^5.0.1":
  version: 5.0.1
  resolution: "ansi-regex@npm:5.0.1"
  checksum: 10c0/9a64bb8627b434ba9327b60c027742e5d17ac69277960d041898596271d992d4d52ba7267a63ca10232e29f6107fc8a835f6ce8d719b88c5f8493f8254813737
  languageName: node
  linkType: hard

"ansi-styles@npm:^4.0.0":
  version: 4.3.0
  resolution: "ansi-styles@npm:4.3.0"
  dependencies:
    color-convert: "npm:^2.0.1"
  checksum: 10c0/895a23929da416f2bd3de7e9cb4eabd340949328ab85ddd6e484a637d8f6820d485f53933446f5291c3b760cbc488beb8e88573dd0f9c7daf83dccc8fe81b041
  languageName: node
  linkType: hard

"ansicolors@npm:^0.3.2, ansicolors@npm:~0.3.2":
  version: 0.3.2
  resolution: "ansicolors@npm:0.3.2"
  checksum: 10c0/e202182895e959c5357db6c60791b2abaade99fcc02221da11a581b26a7f83dc084392bc74e4d3875c22f37b3c9ef48842e896e3bfed394ec278194b8003e0ac
  languageName: node
  linkType: hard

"cardinal@npm:^2.1.1":
  version: 2.1.1
  resolution: "cardinal@npm:2.1.1"
  dependencies:
    ansicolors: "npm:~0.3.2"
    redeyed: "npm:~2.1.0"
  bin:
    cdl: ./bin/cdl.js
  checksum: 10c0/0051d0e64c0e1dff480c1aace4c018c48ecca44030533257af3f023107ccdeb061925603af6d73710f0345b0ae0eb57e5241d181d9b5fdb595d45c5418161675
  languageName: node
  linkType: hard

"cliui@npm:^8.0.1":
  version: 8.0.1
  resolution: "cliui@npm:8.0.1"
  dependencies:
    string-width: "npm:^4.2.0"
    strip-ansi: "npm:^6.0.1"
    wrap-ansi: "npm:^7.0.0"
  checksum: 10c0/4bda0f09c340cbb6dfdc1ed508b3ca080f12992c18d68c6be4d9cf51756033d5266e61ec57529e610dacbf4da1c634423b0c1b11037709cc6b09045cbd815df5
  languageName: node
  linkType: hard

"color-convert@npm:^2.0.1":
  version: 2.0.1
  resolution: "color-convert@npm:2.0.1"
  dependencies:
    color-name: "npm:~1.1.4"
  checksum: 10c0/37e1150172f2e311fe1b2df62c6293a342ee7380da7b9cfdba67ea539909afbd74da27033208d01d6d5cfc65ee7868a22e18d7e7648e004425441c0f8a15a7d7
  languageName: node
  linkType: hard

"color-name@npm:~1.1.4":
  version: 1.1.4
  resolution: "color-name@npm:1.1.4"
  checksum: 10c0/a1a3f914156960902f46f7f56bc62effc6c94e84b2cae157a526b1c1f74b677a47ec602bf68a61abfa2b42d15b7c5651c6dbe72a43af720bc588dff885b10f95
  languageName: node
  linkType: hard

"dotenv@npm:^17.0.0":
  version: 17.0.0
  resolution: "dotenv@npm:17.0.0"
  checksum: 10c0/961c9841529f691efb0547cf20b62c952b40e195ef23a254e6b3cd2487bd529b29e194ffcb1f97d4e6a0d9c2df9a6555464f2491da10e725c7bc40855c7b45af
  languageName: node
  linkType: hard

"emoji-regex@npm:^8.0.0":
  version: 8.0.0
  resolution: "emoji-regex@npm:8.0.0"
  checksum: 10c0/b6053ad39951c4cf338f9092d7bfba448cdfd46fe6a2a034700b149ac9ffbc137e361cbd3c442297f86bed2e5f7576c1b54cc0a6bf8ef5106cc62f496af35010
  languageName: node
  linkType: hard

"escalade@npm:^3.1.1":
  version: 3.2.0
  resolution: "escalade@npm:3.2.0"
  checksum: 10c0/ced4dd3a78e15897ed3be74e635110bbf3b08877b0a41be50dcb325ee0e0b5f65fc2d50e9845194d7c4633f327e2e1c6cce00a71b617c5673df0374201d67f65
  languageName: node
  linkType: hard

"esprima@npm:~4.0.0":
  version: 4.0.1
  resolution: "esprima@npm:4.0.1"
  bin:
    esparse: ./bin/esparse.js
    esvalidate: ./bin/esvalidate.js
  checksum: 10c0/ad4bab9ead0808cf56501750fd9d3fb276f6b105f987707d059005d57e182d18a7c9ec7f3a01794ebddcca676773e42ca48a32d67a250c9d35e009ca613caba3
  languageName: node
  linkType: hard

"fs-extra@npm:^10.0.0":
  version: 10.1.0
  resolution: "fs-extra@npm:10.1.0"
  dependencies:
    graceful-fs: "npm:^4.2.0"
    jsonfile: "npm:^6.0.1"
    universalify: "npm:^2.0.0"
  checksum: 10c0/5f579466e7109719d162a9249abbeffe7f426eb133ea486e020b89bc6d67a741134076bf439983f2eb79276ceaf6bd7b7c1e43c3fd67fe889863e69072fb0a5e
  languageName: node
  linkType: hard

"get-caller-file@npm:^2.0.5":
  version: 2.0.5
  resolution: "get-caller-file@npm:2.0.5"
  checksum: 10c0/c6c7b60271931fa752aeb92f2b47e355eac1af3a2673f47c9589e8f8a41adc74d45551c1bc57b5e66a80609f10ffb72b6f575e4370d61cc3f7f3aaff01757cde
  languageName: node
  linkType: hard

"graceful-fs@npm:^4.1.6, graceful-fs@npm:^4.2.0":
  version: 4.2.11
  resolution: "graceful-fs@npm:4.2.11"
  checksum: 10c0/386d011a553e02bc594ac2ca0bd6d9e4c22d7fa8cfbfc448a6d148c59ea881b092db9dbe3547ae4b88e55f1b01f7c4a2ecc53b310c042793e63aa44cf6c257f2
  languageName: node
  linkType: hard

"is-fullwidth-code-point@npm:^3.0.0":
  version: 3.0.0
  resolution: "is-fullwidth-code-point@npm:3.0.0"
  checksum: 10c0/bb11d825e049f38e04c06373a8d72782eee0205bda9d908cc550ccb3c59b99d750ff9537982e01733c1c94a58e35400661f57042158ff5e8f3e90cf936daf0fc
  languageName: node
  linkType: hard

"jsonfile@npm:^6.0.1":
  version: 6.1.0
  resolution: "jsonfile@npm:6.1.0"
  dependencies:
    graceful-fs: "npm:^4.1.6"
    universalify: "npm:^2.0.0"
  dependenciesMeta:
    graceful-fs:
      optional: true
  checksum: 10c0/4f95b5e8a5622b1e9e8f33c96b7ef3158122f595998114d1e7f03985649ea99cb3cd99ce1ed1831ae94c8c8543ab45ebd044207612f31a56fd08462140e46865
  languageName: node
  linkType: hard

"lossless-json@npm:^4.0.1":
  version: 4.1.1
  resolution: "lossless-json@npm:4.1.1"
  checksum: 10c0/b645534934f475a19f6db6a97f2c7cdbd8197df6e495b21973ab79675f9c754cb5b4e3bd671b66e6f48393589fa7f100eae5da6446edfc8d0e94271558db43a5
  languageName: node
  linkType: hard

"pako@npm:^2.0.4":
  version: 2.1.0
  resolution: "pako@npm:2.1.0"
  checksum: 10c0/8e8646581410654b50eb22a5dfd71159cae98145bd5086c9a7a816ec0370b5f72b4648d08674624b3870a521e6a3daffd6c2f7bc00fdefc7063c9d8232ff5116
  languageName: node
  linkType: hard

"redeyed@npm:~2.1.0":
  version: 2.1.1
  resolution: "redeyed@npm:2.1.1"
  dependencies:
    esprima: "npm:~4.0.0"
  checksum: 10c0/350f5e39aebab3886713a170235c38155ee64a74f0f7e629ecc0144ba33905efea30c2c3befe1fcbf0b0366e344e7bfa34e6b2502b423c9a467d32f1306ef166
  languageName: node
  linkType: hard

"require-directory@npm:^2.1.1":
  version: 2.1.1
  resolution: "require-directory@npm:2.1.1"
  checksum: 10c0/83aa76a7bc1531f68d92c75a2ca2f54f1b01463cb566cf3fbc787d0de8be30c9dbc211d1d46be3497dac5785fe296f2dd11d531945ac29730643357978966e99
  languageName: node
  linkType: hard

"root-workspace-0b6124@workspace:.":
  version: 0.0.0-use.local
  resolution: "root-workspace-0b6124@workspace:."
  dependencies:
    "@types/node": "npm:^24.0.7"
    dotenv: "npm:^17.0.0"
    starknet: "npm:^7.6.2"
  languageName: unknown
  linkType: soft

"starknet@npm:^7.6.2":
  version: 7.6.2
  resolution: "starknet@npm:7.6.2"
  dependencies:
    "@noble/curves": "npm:1.7.0"
    "@noble/hashes": "npm:1.6.0"
    "@scure/base": "npm:1.2.1"
    "@scure/starknet": "npm:1.1.0"
    "@starknet-io/starknet-types-07": "npm:@starknet-io/types-js@~0.7.10"
    "@starknet-io/starknet-types-08": "npm:@starknet-io/types-js@~0.8.4"
    abi-wan-kanabi: "npm:2.2.4"
    lossless-json: "npm:^4.0.1"
    pako: "npm:^2.0.4"
    ts-mixer: "npm:^6.0.3"
  checksum: 10c0/94dce81c1db17daf989fe615b7c00f73d0802f4c0caef247a263350833cb5809e26c0152438f3a34287b8c785d64f7ba51ed8215767c527d7702494ad3ec5f26
  languageName: node
  linkType: hard

"string-width@npm:^4.1.0, string-width@npm:^4.2.0, string-width@npm:^4.2.3":
  version: 4.2.3
  resolution: "string-width@npm:4.2.3"
  dependencies:
    emoji-regex: "npm:^8.0.0"
    is-fullwidth-code-point: "npm:^3.0.0"
    strip-ansi: "npm:^6.0.1"
  checksum: 10c0/1e525e92e5eae0afd7454086eed9c818ee84374bb80328fc41217ae72ff5f065ef1c9d7f72da41de40c75fa8bb3dee63d92373fd492c84260a552c636392a47b
  languageName: node
  linkType: hard

"strip-ansi@npm:^6.0.0, strip-ansi@npm:^6.0.1":
  version: 6.0.1
  resolution: "strip-ansi@npm:6.0.1"
  dependencies:
    ansi-regex: "npm:^5.0.1"
  checksum: 10c0/1ae5f212a126fe5b167707f716942490e3933085a5ff6c008ab97ab2f272c8025d3aa218b7bd6ab25729ca20cc81cddb252102f8751e13482a5199e873680952
  languageName: node
  linkType: hard

"ts-mixer@npm:^6.0.3":
  version: 6.0.4
  resolution: "ts-mixer@npm:6.0.4"
  checksum: 10c0/4c442fc99cdffd4a3f0ce55c624fb703f4ded5cab6912f97705489565c4a74d3e4213f10c33499ec5150900a628d38537a9a6a9e35b5045b65129a84b4db21ae
  languageName: node
  linkType: hard

"undici-types@npm:~7.8.0":
  version: 7.8.0
  resolution: "undici-types@npm:7.8.0"
  checksum: 10c0/9d9d246d1dc32f318d46116efe3cfca5a72d4f16828febc1918d94e58f6ffcf39c158aa28bf5b4fc52f410446bc7858f35151367bd7a49f21746cab6497b709b
  languageName: node
  linkType: hard

"universalify@npm:^2.0.0":
  version: 2.0.1
  resolution: "universalify@npm:2.0.1"
  checksum: 10c0/73e8ee3809041ca8b818efb141801a1004e3fc0002727f1531f4de613ea281b494a40909596dae4a042a4fb6cd385af5d4db2e137b1362e0e91384b828effd3a
  languageName: node
  linkType: hard

"wrap-ansi@npm:^7.0.0":
  version: 7.0.0
  resolution: "wrap-ansi@npm:7.0.0"
  dependencies:
    ansi-styles: "npm:^4.0.0"
    string-width: "npm:^4.1.0"
    strip-ansi: "npm:^6.0.0"
  checksum: 10c0/d15fc12c11e4cbc4044a552129ebc75ee3f57aa9c1958373a4db0292d72282f54373b536103987a4a7594db1ef6a4f10acf92978f79b98c49306a4b58c77d4da
  languageName: node
  linkType: hard

"y18n@npm:^5.0.5":
  version: 5.0.8
  resolution: "y18n@npm:5.0.8"
  checksum: 10c0/4df2842c36e468590c3691c894bc9cdbac41f520566e76e24f59401ba7d8b4811eb1e34524d57e54bc6d864bcb66baab7ffd9ca42bf1eda596618f9162b91249
  languageName: node
  linkType: hard

"yargs-parser@npm:^21.1.1":
  version: 21.1.1
  resolution: "yargs-parser@npm:21.1.1"
  checksum: 10c0/f84b5e48169479d2f402239c59f084cfd1c3acc197a05c59b98bab067452e6b3ea46d4dd8ba2985ba7b3d32a343d77df0debd6b343e5dae3da2aab2cdf5886b2
  languageName: node
  linkType: hard

"yargs@npm:^17.7.2":
  version: 17.7.2
  resolution: "yargs@npm:17.7.2"
  dependencies:
    cliui: "npm:^8.0.1"
    escalade: "npm:^3.1.1"
    get-caller-file: "npm:^2.0.5"
    require-directory: "npm:^2.1.1"
    string-width: "npm:^4.2.3"
    y18n: "npm:^5.0.5"
    yargs-parser: "npm:^21.1.1"
  checksum: 10c0/ccd7e723e61ad5965fffbb791366db689572b80cca80e0f96aad968dfff4156cd7cd1ad18607afe1046d8241e6fb2d6c08bf7fa7bfb5eaec818735d8feac8f05
  languageName: node
  linkType: hard
